// !$*UTF8*$!
{
	archiveVersion = 1;
	classes = {
	};
	objectVersion = 55;
	objects = {

/* Begin PBXBuildFile section */
		3F241AB127E0BBF100A6F576 /* User.swift in Sources */ = {isa = PBXBuildFile; fileRef = 3F241AB027E0BBF100A6F576 /* User.swift */; };
		3F241AB327E0DFEB00A6F576 /* UserViewController.swift in Sources */ = {isa = PBXBuildFile; fileRef = 3F241AB227E0DFEB00A6F576 /* UserViewController.swift */; };
		3F241AB727E100B100A6F576 /* MoreInfoViewController.swift in Sources */ = {isa = PBXBuildFile; fileRef = 3F241AB627E100B100A6F576 /* MoreInfoViewController.swift */; };
		3FB50DEF27D8EACB00EE07ED /* AppDelegate.swift in Sources */ = {isa = PBXBuildFile; fileRef = 3FB50DEE27D8EACB00EE07ED /* AppDelegate.swift */; };
		3FB50DF127D8EACB00EE07ED /* SceneDelegate.swift in Sources */ = {isa = PBXBuildFile; fileRef = 3FB50DF027D8EACB00EE07ED /* SceneDelegate.swift */; };
		3FB50DF327D8EACB00EE07ED /* LogInViewController.swift in Sources */ = {isa = PBXBuildFile; fileRef = 3FB50DF227D8EACB00EE07ED /* LogInViewController.swift */; };
		3FB50DF627D8EACB00EE07ED /* Main.storyboard in Resources */ = {isa = PBXBuildFile; fileRef = 3FB50DF427D8EACB00EE07ED /* Main.storyboard */; };
		3FB50DF827D8EACD00EE07ED /* Assets.xcassets in Resources */ = {isa = PBXBuildFile; fileRef = 3FB50DF727D8EACD00EE07ED /* Assets.xcassets */; };
		3FB50DFB27D8EACD00EE07ED /* LaunchScreen.storyboard in Resources */ = {isa = PBXBuildFile; fileRef = 3FB50DF927D8EACD00EE07ED /* LaunchScreen.storyboard */; };
		3FB50E0327D8FBF600EE07ED /* WelcomeViewController.swift in Sources */ = {isa = PBXBuildFile; fileRef = 3FB50E0227D8FBF600EE07ED /* WelcomeViewController.swift */; };
/* End PBXBuildFile section */

/* Begin PBXFileReference section */
		3F241AB027E0BBF100A6F576 /* User.swift */ = {isa = PBXFileReference; lastKnownFileType = sourcecode.swift; path = User.swift; sourceTree = "<group>"; };
		3F241AB227E0DFEB00A6F576 /* UserViewController.swift */ = {isa = PBXFileReference; lastKnownFileType = sourcecode.swift; path = UserViewController.swift; sourceTree = "<group>"; };
		3F241AB627E100B100A6F576 /* MoreInfoViewController.swift */ = {isa = PBXFileReference; lastKnownFileType = sourcecode.swift; path = MoreInfoViewController.swift; sourceTree = "<group>"; };
		3FB50DEB27D8EACB00EE07ED /* HomeWork 2.3.1.app */ = {isa = PBXFileReference; explicitFileType = wrapper.application; includeInIndex = 0; path = "HomeWork 2.3.1.app"; sourceTree = BUILT_PRODUCTS_DIR; };
		3FB50DEE27D8EACB00EE07ED /* AppDelegate.swift */ = {isa = PBXFileReference; lastKnownFileType = sourcecode.swift; path = AppDelegate.swift; sourceTree = "<group>"; };
		3FB50DF027D8EACB00EE07ED /* SceneDelegate.swift */ = {isa = PBXFileReference; lastKnownFileType = sourcecode.swift; path = SceneDelegate.swift; sourceTree = "<group>"; };
		3FB50DF227D8EACB00EE07ED /* LogInViewController.swift */ = {isa = PBXFileReference; lastKnownFileType = sourcecode.swift; path = LogInViewController.swift; sourceTree = "<group>"; };
		3FB50DF527D8EACB00EE07ED /* Base */ = {isa = PBXFileReference; lastKnownFileType = file.storyboard; name = Base; path = Base.lproj/Main.storyboard; sourceTree = "<group>"; };
		3FB50DF727D8EACD00EE07ED /* Assets.xcassets */ = {isa = PBXFileReference; lastKnownFileType = folder.assetcatalog; path = Assets.xcassets; sourceTree = "<group>"; };
		3FB50DFA27D8EACD00EE07ED /* Base */ = {isa = PBXFileReference; lastKnownFileType = file.storyboard; name = Base; path = Base.lproj/LaunchScreen.storyboard; sourceTree = "<group>"; };
		3FB50DFC27D8EACD00EE07ED /* Info.plist */ = {isa = PBXFileReference; lastKnownFileType = text.plist.xml; path = Info.plist; sourceTree = "<group>"; };
		3FB50E0227D8FBF600EE07ED /* WelcomeViewController.swift */ = {isa = PBXFileReference; lastKnownFileType = sourcecode.swift; path = WelcomeViewController.swift; sourceTree = "<group>"; };
/* End PBXFileReference section */

/* Begin PBXFrameworksBuildPhase section */
		3FB50DE827D8EACB00EE07ED /* Frameworks */ = {
			isa = PBXFrameworksBuildPhase;
			buildActionMask = 2147483647;
			files = (
			);
			runOnlyForDeploymentPostprocessing = 0;
		};
/* End PBXFrameworksBuildPhase section */

/* Begin PBXGroup section */
		3F241AAB27E0B8FD00A6F576 /* App */ = {
			isa = PBXGroup;
			children = (
				3FB50DF027D8EACB00EE07ED /* SceneDelegate.swift */,
				3FB50DEE27D8EACB00EE07ED /* AppDelegate.swift */,
				3FB50DFC27D8EACD00EE07ED /* Info.plist */,
			);
			path = App;
			sourceTree = "<group>";
		};
		3F241AAC27E0B91800A6F576 /* ViewControllers */ = {
			isa = PBXGroup;
			children = (
				3FB50DF227D8EACB00EE07ED /* LogInViewController.swift */,
				3FB50E0227D8FBF600EE07ED /* WelcomeViewController.swift */,
				3F241AB227E0DFEB00A6F576 /* UserViewController.swift */,
				3F241AB627E100B100A6F576 /* MoreInfoViewController.swift */,
			);
			path = ViewControllers;
			sourceTree = "<group>";
		};
		3F241AAD27E0B98100A6F576 /* Resources */ = {
			isa = PBXGroup;
			children = (
				3FB50DF727D8EACD00EE07ED /* Assets.xcassets */,
			);
			path = Resources;
			sourceTree = "<group>";
		};
		3F241AAE27E0B99600A6F576 /* Storyboards */ = {
			isa = PBXGroup;
			children = (
				3FB50DF427D8EACB00EE07ED /* Main.storyboard */,
				3FB50DF927D8EACD00EE07ED /* LaunchScreen.storyboard */,
			);
			path = Storyboards;
			sourceTree = "<group>";
		};
		3F241AAF27E0B9F000A6F576 /* Models */ = {
			isa = PBXGroup;
			children = (
				3F241AB027E0BBF100A6F576 /* User.swift */,
			);
			path = Models;
			sourceTree = "<group>";
		};
		3FB50DE227D8EACB00EE07ED = {
			isa = PBXGroup;
			children = (
				3FB50DED27D8EACB00EE07ED /* HomeWork 2.3.1 */,
				3FB50DEC27D8EACB00EE07ED /* Products */,
			);
			sourceTree = "<group>";
		};
		3FB50DEC27D8EACB00EE07ED /* Products */ = {
			isa = PBXGroup;
			children = (
				3FB50DEB27D8EACB00EE07ED /* HomeWork 2.3.1.app */,
			);
			name = Products;
			sourceTree = "<group>";
		};
		3FB50DED27D8EACB00EE07ED /* HomeWork 2.3.1 */ = {
			isa = PBXGroup;
			children = (
				3F241AAC27E0B91800A6F576 /* ViewControllers */,
				3F241AAF27E0B9F000A6F576 /* Models */,
				3F241AAE27E0B99600A6F576 /* Storyboards */,
				3F241AAD27E0B98100A6F576 /* Resources */,
				3F241AAB27E0B8FD00A6F576 /* App */,
			);
			path = "HomeWork 2.3.1";
			sourceTree = "<group>";
		};
/* End PBXGroup section */

/* Begin PBXNativeTarget section */
		3FB50DEA27D8EACB00EE07ED /* HomeWork 2.3.1 */ = {
			isa = PBXNativeTarget;
			buildConfigurationList = 3FB50DFF27D8EACD00EE07ED /* Build configuration list for PBXNativeTarget "HomeWork 2.3.1" */;
			buildPhases = (
				3FB50DE727D8EACB00EE07ED /* Sources */,
				3FB50DE827D8EACB00EE07ED /* Frameworks */,
				3FB50DE927D8EACB00EE07ED /* Resources */,
			);
			buildRules = (
			);
			dependencies = (
			);
			name = "HomeWork 2.3.1";
			productName = "HomeWork 2.3.1";
			productReference = 3FB50DEB27D8EACB00EE07ED /* HomeWork 2.3.1.app */;
			productType = "com.apple.product-type.application";
		};
/* End PBXNativeTarget section */

/* Begin PBXProject section */
		3FB50DE327D8EACB00EE07ED /* Project object */ = {
			isa = PBXProject;
			attributes = {
				BuildIndependentTargetsInParallel = 1;
				LastSwiftUpdateCheck = 1320;
				LastUpgradeCheck = 1320;
				TargetAttributes = {
					3FB50DEA27D8EACB00EE07ED = {
						CreatedOnToolsVersion = 13.2.1;
					};
				};
			};
			buildConfigurationList = 3FB50DE627D8EACB00EE07ED /* Build configuration list for PBXProject "HomeWork 2.3.1" */;
			compatibilityVersion = "Xcode 13.0";
			developmentRegion = en;
			hasScannedForEncodings = 0;
			knownRegions = (
				en,
				Base,
			);
			mainGroup = 3FB50DE227D8EACB00EE07ED;
			productRefGroup = 3FB50DEC27D8EACB00EE07ED /* Products */;
			projectDirPath = "";
			projectRoot = "";
			targets = (
				3FB50DEA27D8EACB00EE07ED /* HomeWork 2.3.1 */,
			);
		};
/* End PBXProject section */

/* Begin PBXResourcesBuildPhase section */
		3FB50DE927D8EACB00EE07ED /* Resources */ = {
			isa = PBXResourcesBuildPhase;
			buildActionMask = 2147483647;
			files = (
				3FB50DFB27D8EACD00EE07ED /* LaunchScreen.storyboard in Resources */,
				3FB50DF827D8EACD00EE07ED /* Assets.xcassets in Resources */,
				3FB50DF627D8EACB00EE07ED /* Main.storyboard in Resources */,
			);
			runOnlyForDeploymentPostprocessing = 0;
		};
/* End PBXResourcesBuildPhase section */

/* Begin PBXSourcesBuildPhase section */
		3FB50DE727D8EACB00EE07ED /* Sources */ = {
			isa = PBXSourcesBuildPhase;
			buildActionMask = 2147483647;
			files = (
				3FB50DF327D8EACB00EE07ED /* LogInViewController.swift in Sources */,
				3F241AB327E0DFEB00A6F576 /* UserViewController.swift in Sources */,
				3FB50E0327D8FBF600EE07ED /* WelcomeViewController.swift in Sources */,
				3FB50DEF27D8EACB00EE07ED /* AppDelegate.swift in Sources */,
				3F241AB727E100B100A6F576 /* MoreInfoViewController.swift in Sources */,
				3F241AB127E0BBF100A6F576 /* User.swift in Sources */,
				3FB50DF127D8EACB00EE07ED /* SceneDelegate.swift in Sources */,
			);
			runOnlyForDeploymentPostprocessing = 0;
		};
/* End PBXSourcesBuildPhase section */

/* Begin PBXVariantGroup section */
		3FB50DF427D8EACB00EE07ED /* Main.storyboard */ = {
			isa = PBXVariantGroup;
			children = (
				3FB50DF527D8EACB00EE07ED /* Base */,
			);
			name = Main.storyboard;
			sourceTree = "<group>";
		};
		3FB50DF927D8EACD00EE07ED /* LaunchScreen.storyboard */ = {
			isa = PBXVariantGroup;
			children = (
				3FB50DFA27D8EACD00EE07ED /* Base */,
			);
			name = LaunchScreen.storyboard;
			sourceTree = "<group>";
		};
/* End PBXVariantGroup section */

/* Begin XCBuildConfiguration section */
		3FB50DFD27D8EACD00EE07ED /* Debug */ = {
			isa = XCBuildConfiguration;
			buildSettings = {
				ALWAYS_SEARCH_USER_PATHS = NO;
				CLANG_ANALYZER_NONNULL = YES;
				CLANG_ANALYZER_NUMBER_OBJECT_CONVERSION = YES_AGGRESSIVE;
				CLANG_CXX_LANGUAGE_STANDARD = "gnu++17";
				CLANG_CXX_LIBRARY = "libc++";
				CLANG_ENABLE_MODULES = YES;
				CLANG_ENABLE_OBJC_ARC = YES;
				CLANG_ENABLE_OBJC_WEAK = YES;
				CLANG_WARN_BLOCK_CAPTURE_AUTORELEASING = YES;
				CLANG_WARN_BOOL_CONVERSION = YES;
				CLANG_WARN_COMMA = YES;
				CLANG_WARN_CONSTANT_CONVERSION = YES;
				CLANG_WARN_DEPRECATED_OBJC_IMPLEMENTATIONS = YES;
				CLANG_WARN_DIRECT_OBJC_ISA_USAGE = YES_ERROR;
				CLANG_WARN_DOCUMENTATION_COMMENTS = YES;
				CLANG_WARN_EMPTY_BODY = YES;
				CLANG_WARN_ENUM_CONVERSION = YES;
				CLANG_WARN_INFINITE_RECURSION = YES;
				CLANG_WARN_INT_CONVERSION = YES;
				CLANG_WARN_NON_LITERAL_NULL_CONVERSION = YES;
				CLANG_WARN_OBJC_IMPLICIT_RETAIN_SELF = YES;
				CLANG_WARN_OBJC_LITERAL_CONVERSION = YES;
				CLANG_WARN_OBJC_ROOT_CLASS = YES_ERROR;
				CLANG_WARN_QUOTED_INCLUDE_IN_FRAMEWORK_HEADER = YES;
				CLANG_WARN_RANGE_LOOP_ANALYSIS = YES;
				CLANG_WARN_STRICT_PROTOTYPES = YES;
				CLANG_WARN_SUSPICIOUS_MOVE = YES;
				CLANG_WARN_UNGUARDED_AVAILABILITY = YES_AGGRESSIVE;
				CLANG_WARN_UNREACHABLE_CODE = YES;
				CLANG_WARN__DUPLICATE_METHOD_MATCH = YES;
				COPY_PHASE_STRIP = NO;
				DEBUG_INFORMATION_FORMAT = dwarf;
				ENABLE_STRICT_OBJC_MSGSEND = YES;
				ENABLE_TESTABILITY = YES;
				GCC_C_LANGUAGE_STANDARD = gnu11;
				GCC_DYNAMIC_NO_PIC = NO;
				GCC_NO_COMMON_BLOCKS = YES;
				GCC_OPTIMIZATION_LEVEL = 0;
				GCC_PREPROCESSOR_DEFINITIONS = (
					"DEBUG=1",
					"$(inherited)",
				);
				GCC_WARN_64_TO_32_BIT_CONVERSION = YES;
				GCC_WARN_ABOUT_RETURN_TYPE = YES_ERROR;
				GCC_WARN_UNDECLARED_SELECTOR = YES;
				GCC_WARN_UNINITIALIZED_AUTOS = YES_AGGRESSIVE;
				GCC_WARN_UNUSED_FUNCTION = YES;
				GCC_WARN_UNUSED_VARIABLE = YES;
				IPHONEOS_DEPLOYMENT_TARGET = 15.2;
				MTL_ENABLE_DEBUG_INFO = INCLUDE_SOURCE;
				MTL_FAST_MATH = YES;
				ONLY_ACTIVE_ARCH = YES;
				SDKROOT = iphoneos;
				SWIFT_ACTIVE_COMPILATION_CONDITIONS = DEBUG;
				SWIFT_OPTIMIZATION_LEVEL = "-Onone";
			};
			name = Debug;
		};
		3FB50DFE27D8EACD00EE07ED /* Release */ = {
			isa = XCBuildConfiguration;
			buildSettings = {
				ALWAYS_SEARCH_USER_PATHS = NO;
				CLANG_ANALYZER_NONNULL = YES;
				CLANG_ANALYZER_NUMBER_OBJECT_CONVERSION = YES_AGGRESSIVE;
				CLANG_CXX_LANGUAGE_STANDARD = "gnu++17";
				CLANG_CXX_LIBRARY = "libc++";
				CLANG_ENABLE_MODULES = YES;
				CLANG_ENABLE_OBJC_ARC = YES;
				CLANG_ENABLE_OBJC_WEAK = YES;
				CLANG_WARN_BLOCK_CAPTURE_AUTORELEASING = YES;
				CLANG_WARN_BOOL_CONVERSION = YES;
				CLANG_WARN_COMMA = YES;
				CLANG_WARN_CONSTANT_CONVERSION = YES;
				CLANG_WARN_DEPRECATED_OBJC_IMPLEMENTATIONS = YES;
				CLANG_WARN_DIRECT_OBJC_ISA_USAGE = YES_ERROR;
				CLANG_WARN_DOCUMENTATION_COMMENTS = YES;
				CLANG_WARN_EMPTY_BODY = YES;
				CLANG_WARN_ENUM_CONVERSION = YES;
				CLANG_WARN_INFINITE_RECURSION = YES;
				CLANG_WARN_INT_CONVERSION = YES;
				CLANG_WARN_NON_LITERAL_NULL_CONVERSION = YES;
				CLANG_WARN_OBJC_IMPLICIT_RETAIN_SELF = YES;
				CLANG_WARN_OBJC_LITERAL_CONVERSION = YES;
				CLANG_WARN_OBJC_ROOT_CLASS = YES_ERROR;
				CLANG_WARN_QUOTED_INCLUDE_IN_FRAMEWORK_HEADER = YES;
				CLANG_WARN_RANGE_LOOP_ANALYSIS = YES;
				CLANG_WARN_STRICT_PROTOTYPES = YES;
				CLANG_WARN_SUSPICIOUS_MOVE = YES;
				CLANG_WARN_UNGUARDED_AVAILABILITY = YES_AGGRESSIVE;
				CLANG_WARN_UNREACHABLE_CODE = YES;
				CLANG_WARN__DUPLICATE_METHOD_MATCH = YES;
				COPY_PHASE_STRIP = NO;
				DEBUG_INFORMATION_FORMAT = "dwarf-with-dsym";
				ENABLE_NS_ASSERTIONS = NO;
				ENABLE_STRICT_OBJC_MSGSEND = YES;
				GCC_C_LANGUAGE_STANDARD = gnu11;
				GCC_NO_COMMON_BLOCKS = YES;
				GCC_WARN_64_TO_32_BIT_CONVERSION = YES;
				GCC_WARN_ABOUT_RETURN_TYPE = YES_ERROR;
				GCC_WARN_UNDECLARED_SELECTOR = YES;
				GCC_WARN_UNINITIALIZED_AUTOS = YES_AGGRESSIVE;
				GCC_WARN_UNUSED_FUNCTION = YES;
				GCC_WARN_UNUSED_VARIABLE = YES;
				IPHONEOS_DEPLOYMENT_TARGET = 15.2;
				MTL_ENABLE_DEBUG_INFO = NO;
				MTL_FAST_MATH = YES;
				SDKROOT = iphoneos;
				SWIFT_COMPILATION_MODE = wholemodule;
				SWIFT_OPTIMIZATION_LEVEL = "-O";
				VALIDATE_PRODUCT = YES;
			};
			name = Release;
		};
		3FB50E0027D8EACD00EE07ED /* Debug */ = {
			isa = XCBuildConfiguration;
			buildSettings = {
				ASSETCATALOG_COMPILER_APPICON_NAME = AppIcon;
				ASSETCATALOG_COMPILER_GLOBAL_ACCENT_COLOR_NAME = AccentColor;
				CODE_SIGN_STYLE = Automatic;
				CURRENT_PROJECT_VERSION = 1;
				DEVELOPMENT_TEAM = 7KD7ZDKV3W;
				GENERATE_INFOPLIST_FILE = YES;
				INFOPLIST_FILE = "HomeWork 2.3.1/App/Info.plist";
				INFOPLIST_KEY_UIApplicationSupportsIndirectInputEvents = YES;
				INFOPLIST_KEY_UILaunchStoryboardName = LaunchScreen;
				INFOPLIST_KEY_UIMainStoryboardFile = Main;
				INFOPLIST_KEY_UISupportedInterfaceOrientations_iPad = "UIInterfaceOrientationPortrait UIInterfaceOrientationPortraitUpsideDown UIInterfaceOrientationLandscapeLeft UIInterfaceOrientationLandscapeRight";
				INFOPLIST_KEY_UISupportedInterfaceOrientations_iPhone = "UIInterfaceOrientationPortrait UIInterfaceOrientationLandscapeLeft UIInterfaceOrientationLandscapeRight";
				LD_RUNPATH_SEARCH_PATHS = (
					"$(inherited)",
					"@executable_path/Frameworks",
				);
				MARKETING_VERSION = 1.0;
				PRODUCT_BUNDLE_IDENTIFIER = "ru.swiftbook.HomeWork-2-3-1";
				PRODUCT_NAME = "$(TARGET_NAME)";
				SWIFT_EMIT_LOC_STRINGS = YES;
				SWIFT_VERSION = 5.0;
				TARGETED_DEVICE_FAMILY = "1,2";
			};
			name = Debug;
		};
		3FB50E0127D8EACD00EE07ED /* Release */ = {
			isa = XCBuildConfiguration;
			buildSettings = {
				ASSETCATALOG_COMPILER_APPICON_NAME = AppIcon;
				ASSETCATALOG_COMPILER_GLOBAL_ACCENT_COLOR_NAME = AccentColor;
				CODE_SIGN_STYLE = Automatic;
				CURRENT_PROJECT_VERSION = 1;
				DEVELOPMENT_TEAM = 7KD7ZDKV3W;
				GENERATE_INFOPLIST_FILE = YES;
				INFOPLIST_FILE = "HomeWork 2.3.1/App/Info.plist";
				INFOPLIST_KEY_UIApplicationSupportsIndirectInputEvents = YES;
				INFOPLIST_KEY_UILaunchStoryboardName = LaunchScreen;
				INFOPLIST_KEY_UIMainStoryboardFile = Main;
				INFOPLIST_KEY_UISupportedInterfaceOrientations_iPad = "UIInterfaceOrientationPortrait UIInterfaceOrientationPortraitUpsideDown UIInterfaceOrientationLandscapeLeft UIInterfaceOrientationLandscapeRight";
				INFOPLIST_KEY_UISupportedInterfaceOrientations_iPhone = "UIInterfaceOrientationPortrait UIInterfaceOrientationLandscapeLeft UIInterfaceOrientationLandscapeRight";
				LD_RUNPATH_SEARCH_PATHS = (
					"$(inherited)",
					"@executable_path/Frameworks",
				);
				MARKETING_VERSION = 1.0;
				PRODUCT_BUNDLE_IDENTIFIER = "ru.swiftbook.HomeWork-2-3-1";
				PRODUCT_NAME = "$(TARGET_NAME)";
				SWIFT_EMIT_LOC_STRINGS = YES;
				SWIFT_VERSION = 5.0;
				TARGETED_DEVICE_FAMILY = "1,2";
			};
			name = Release;
		};
/* End XCBuildConfiguration section */

/* Begin XCConfigurationList section */
		3FB50DE627D8EACB00EE07ED /* Build configuration list for PBXProject "HomeWork 2.3.1" */ = {
			isa = XCConfigurationList;
			buildConfigurations = (
				3FB50DFD27D8EACD00EE07ED /* Debug */,
				3FB50DFE27D8EACD00EE07ED /* Release */,
			);
			defaultConfigurationIsVisible = 0;
			defaultConfigurationName = Release;
		};
		3FB50DFF27D8EACD00EE07ED /* Build configuration list for PBXNativeTarget "HomeWork 2.3.1" */ = {
			isa = XCConfigurationList;
			buildConfigurations = (
				3FB50E0027D8EACD00EE07ED /* Debug */,
				3FB50E0127D8EACD00EE07ED /* Release */,
			);
			defaultConfigurationIsVisible = 0;
			defaultConfigurationName = Release;
		};
/* End XCConfigurationList section */
	};
	rootObject = 3FB50DE327D8EACB00EE07ED /* Project object */;
}
